{
  "name": "glibc-test",
  "version": "1.0.0",
  "lockfileVersion": 1,
  "requires": true,
  "dependencies": {
    "lmdb-store": {
      "version": "1.6.7",
      "resolved": "https://registry.npmjs.org/lmdb-store/-/lmdb-store-1.6.7.tgz",
      "integrity": "sha512-q9q7zNhuFWjSD0fDmyB5hiQkOY3UUJ6LPjhs+W/zJdleRLOLPFR6bAh9nERHGkmEA49sZtZRwFPCwPWGM8qdzA==",
      "requires": {
        "mkdirp": "^1.0.4",
        "msgpackr": "^1.3.7",
        "nan": "^2.14.2",
        "node-gyp-build": "^4.2.3",
        "ordered-binary": "^1.0.0",
        "weak-lru-cache": "^1.0.0"
      }
    },
    "mkdirp": {
      "version": "1.0.4",
      "resolved": "https://registry.npmjs.org/mkdirp/-/mkdirp-1.0.4.tgz",
      "integrity": "sha512-vVqVZQyf3WLx2Shd0qJ9xuvqgAyKPLAiqITEtqW0oIUjzo3PePDd6fW9iFz30ef7Ysp/oiWqbhszeGWW2T6Gzw=="
    },
    "msgpackr": {
      "version": "1.4.3",
      "resolved": "https://registry.npmjs.org/msgpackr/-/msgpackr-1.4.3.tgz",
      "integrity": "sha512-QxNu1m6L8ZlAZn3bMAkGxCJTs6nLPcBt1j+ku/ksF2leEDAX2aM2srCZCL80HwwkWokzm1et16Oo8MnRkxIN4A==",
      "optional": true,
      "requires": {
        "msgpackr-extract": "^1.0.13"
      }
    },
    "msgpackr-extract": {
      "version": "1.0.13",
      "resolved": "https://registry.npmjs.org/msgpackr-extract/-/msgpackr-extract-1.0.13.tgz",
      "integrity": "sha512-JlQPllMLETiuQ5Vv3IAz+4uOpd1GZPOoCHv9P5ka5P5gkTssm/ejv0WwS4xAfB9B3vDwrExRwuU8v3HRQtJk2Q==",
      "optional": true,
      "requires": {
        "nan": "^2.14.2",
        "node-gyp-build": "^4.2.3"
      }
    },
    "nan": {
      "version": "2.15.0",
      "resolved": "https://registry.npmjs.org/nan/-/nan-2.15.0.tgz",
      "integrity": "sha512-8ZtvEnA2c5aYCZYd1cvgdnU6cqwixRoYg70xPLWUws5ORTa/lnw+u4amixRS/Ac5U5mQVgp9pnlSUnbNWFaWZQ=="
    },
    "node-gyp-build": {
      "version": "4.3.0",
      "resolved": "https://registry.npmjs.org/node-gyp-build/-/node-gyp-build-4.3.0.tgz",
      "integrity": "sha512-iWjXZvmboq0ja1pUGULQBexmxq8CV4xBhX7VDOTbL7ZR4FOowwY/VOtRxBN/yKxmdGoIp4j5ysNT4u3S2pDQ3Q=="
    },
    "ordered-binary": {
      "version": "1.1.3",
      "resolved": "https://registry.npmjs.org/ordered-binary/-/ordered-binary-1.1.3.tgz",
      "integrity": "sha512-tDTls+KllrZKJrqRXUYJtIcWIyoQycP7cVN7kzNNnhHKF2bMKHflcAQK+pF2Eb1iVaQodHxqZQr0yv4HWLGBhQ=="
    },
    "weak-lru-cache": {
      "version": "1.1.2",
      "resolved": "https://registry.npmjs.org/weak-lru-cache/-/weak-lru-cache-1.1.2.tgz",
      "integrity": "sha512-Bi5ae8Bev3YulgtLTafpmHmvl3vGbanRkv+qqA2AX8c3qj/MUdvSuaHq7ukDYBcMDINIaRPTPEkXSNCqqWivuA=="
    }
  }
}
